
Microsoft Visual Studio Solution File, Format Version 12.00
# Visual Studio Version 17
VisualStudioVersion = 17.1.32328.378
MinimumVisualStudioVersion = 10.0.40219.1
Project("{8BC9CEB8-8B4A-11D0-8D11-00A0C91BC942}") = "Maple", "Maple\Maple.vcxproj", "{FBB2EC8F-6D7D-476F-9401-E2A7BF166D63}"
EndProject
Global
	GlobalSection(SolutionConfigurationPlatforms) = preSolution
		Debug (No Bypass)|x64 = Debug (No Bypass)|x64
		Debug (No Bypass)|x86 = Debug (No Bypass)|x86
		Debug|x64 = Debug|x64
		Debug|x86 = Debug|x86
		Release|x64 = Release|x64
		Release|x86 = Release|x86
	EndGlobalSection
	GlobalSection(ProjectConfigurationPlatforms) = postSolution
		{FBB2EC8F-6D7D-476F-9401-E2A7BF166D63}.Debug (No Bypass)|x64.ActiveCfg = Debug (No Bypass)|x64
		{FBB2EC8F-6D7D-476F-9401-E2A7BF166D63}.Debug (No Bypass)|x64.Build.0 = Debug (No Bypass)|x64
		{FBB2EC8F-6D7D-476F-9401-E2A7BF166D63}.Debug (No Bypass)|x86.ActiveCfg = Debug (No Bypass)|Win32
		{FBB2EC8F-6D7D-476F-9401-E2A7BF166D63}.Debug (No Bypass)|x86.Build.0 = Debug (No Bypass)|Win32
		{FBB2EC8F-6D7D-476F-9401-E2A7BF166D63}.Debug|x64.ActiveCfg = Debug|x64
		{FBB2EC8F-6D7D-476F-9401-E2A7BF166D63}.Debug|x64.Build.0 = Debug|x64
		{FBB2EC8F-6D7D-476F-9401-E2A7BF166D63}.Debug|x86.ActiveCfg = Debug|Win32
		{FBB2EC8F-6D7D-476F-9401-E2A7BF166D63}.Debug|x86.Build.0 = Debug|Win32
		{FBB2EC8F-6D7D-476F-9401-E2A7BF166D63}.Release|x64.ActiveCfg = Release|x64
		{FBB2EC8F-6D7D-476F-9401-E2A7BF166D63}.Release|x64.Build.0 = Release|x64
		{FBB2EC8F-6D7D-476F-9401-E2A7BF166D63}.Release|x86.ActiveCfg = Release|Win32
		{FBB2EC8F-6D7D-476F-9401-E2A7BF166D63}.Release|x86.Build.0 = Release|Win32
	EndGlobalSection
	GlobalSection(SolutionProperties) = preSolution
		HideSolutionNode = FALSE
	EndGlobalSection
	GlobalSection(ExtensibilityGlobals) = postSolution
		SolutionGuid = {CC7D0911-0C24-4B07-9269-AF8681D5D9A7}
	EndGlobalSection
EndGlobal
