<?xml version="1.0" encoding="utf-8"?>
<Project ToolsVersion="4.0" xmlns="http://schemas.microsoft.com/developer/msbuild/2003">
  <ItemGroup>
    <ClCompile Include="dllmain.cpp" />
    <ClCompile Include="Dependencies\Vanilla\Vanilla.cpp">
      <Filter>Dependencies\Vanilla</Filter>
    </ClCompile>
    <ClCompile Include="Dependencies\hde32\hde32.c">
      <Filter>Dependencies\hde32</Filter>
    </ClCompile>
    <ClCompile Include="Storage\Storage.cpp">
      <Filter>Storage</Filter>
    </ClCompile>
    <ClCompile Include="Config\Config.cpp">
      <Filter>Config</Filter>
    </ClCompile>
    <ClCompile Include="Dependencies\gl3w\GL\gl3w.c">
      <Filter>Dependencies\gl3w\GL</Filter>
    </ClCompile>
    <ClCompile Include="Dependencies\ImGui\imgui.cpp">
      <Filter>Dependencies\ImGui</Filter>
    </ClCompile>
    <ClCompile Include="Dependencies\ImGui\imgui_demo.cpp">
      <Filter>Dependencies\ImGui</Filter>
    </ClCompile>
    <ClCompile Include="Dependencies\ImGui\imgui_draw.cpp">
      <Filter>Dependencies\ImGui</Filter>
    </ClCompile>
    <ClCompile Include="Dependencies\ImGui\imgui_impl_dx9.cpp">
      <Filter>Dependencies\ImGui</Filter>
    </ClCompile>
    <ClCompile Include="Dependencies\ImGui\imgui_impl_opengl3.cpp">
      <Filter>Dependencies\ImGui</Filter>
    </ClCompile>
    <ClCompile Include="Dependencies\ImGui\imgui_impl_win32.cpp">
      <Filter>Dependencies\ImGui</Filter>
    </ClCompile>
    <ClCompile Include="Dependencies\ImGui\imgui_tables.cpp">
      <Filter>Dependencies\ImGui</Filter>
    </ClCompile>
    <ClCompile Include="Dependencies\ImGui\imgui_widgets.cpp">
      <Filter>Dependencies\ImGui</Filter>
    </ClCompile>
    <ClCompile Include="Logging\Logger.cpp">
      <Filter>Logging</Filter>
    </ClCompile>
    <ClCompile Include="Dependencies\Vanilla\Hooking\VanillaHooking.cpp">
      <Filter>Dependencies\Vanilla\Hooking</Filter>
    </ClCompile>
    <ClCompile Include="Dependencies\Vanilla\PatternScanning\VanillaPatternScanner.cpp">
      <Filter>Dependencies\Vanilla\PatternScanning</Filter>
    </ClCompile>
    <ClCompile Include="SDK\Memory.cpp">
      <Filter>SDK</Filter>
    </ClCompile>
    <ClCompile Include="SDK\Audio\AudioEngine.cpp">
      <Filter>SDK\Audio</Filter>
    </ClCompile>
    <ClCompile Include="SDK\Input\InputManager.cpp">
      <Filter>SDK\Input</Filter>
    </ClCompile>
    <ClCompile Include="SDK\Player\Player.cpp">
      <Filter>SDK\Player</Filter>
    </ClCompile>
    <ClCompile Include="SDK\Mods\ModManager.cpp">
      <Filter>SDK\Mods</Filter>
    </ClCompile>
    <ClCompile Include="Dependencies\Vanilla\Utilities\MemoryUtilities.cpp">
      <Filter>Dependencies\Vanilla\Utilities</Filter>
    </ClCompile>
    <ClCompile Include="SDK\Discord\DiscordRPC.cpp">
      <Filter>SDK\Discord</Filter>
    </ClCompile>
    <ClCompile Include="SDK\GL\GLControl.cpp">
      <Filter>SDK\GL</Filter>
    </ClCompile>
    <ClCompile Include="UI\UI.cpp">
      <Filter>UI</Filter>
    </ClCompile>
    <ClCompile Include="UI\Windows\MainMenu.cpp">
      <Filter>UI\Windows</Filter>
    </ClCompile>
    <ClCompile Include="UI\Widgets\Widgets.cpp">
      <Filter>UI\Widgets</Filter>
    </ClCompile>
    <ClCompile Include="Utilities\Textures\TextureLoader.cpp">
      <Filter>Utilities\Textures</Filter>
    </ClCompile>
    <ClCompile Include="Utilities\Strings\StringUtilities.cpp">
      <Filter>Utilities\Strings</Filter>
    </ClCompile>
    <ClCompile Include="Features\Timewarp\Timewarp.cpp">
      <Filter>Features\Timewarp</Filter>
    </ClCompile>
    <ClCompile Include="Dependencies\Vanilla\Patching\VanillaPatcher.cpp">
      <Filter>Dependencies\Vanilla\Patching</Filter>
    </ClCompile>
    <ClCompile Include="SDK\Osu\GameBase.cpp">
      <Filter>SDK\Osu</Filter>
    </ClCompile>
    <ClCompile Include="SDK\Player\Ruleset.cpp">
      <Filter>SDK\Player</Filter>
    </ClCompile>
    <ClCompile Include="SDK\Scoring\Score.cpp">
      <Filter>SDK\Scoring</Filter>
    </ClCompile>
    <ClCompile Include="SDK\Helpers\ErrorSubmission.cpp">
      <Filter>SDK\Helpers</Filter>
    </ClCompile>
    <ClCompile Include="SDK\Helpers\pWebRequest.cpp">
      <Filter>SDK\Helpers</Filter>
    </ClCompile>
    <ClCompile Include="UI\Visualisations\SnowVisualisation\SnowVisualisation.cpp">
      <Filter>UI\Visualisations\SnowVisualisation</Filter>
    </ClCompile>
    <ClCompile Include="UI\Visualisations\SnowVisualisation\Snowflake.cpp">
      <Filter>UI\Visualisations\SnowVisualisation</Filter>
    </ClCompile>
    <ClCompile Include="UI\Windows\ScoreSubmissionDialog.cpp">
      <Filter>UI\Windows</Filter>
    </ClCompile>
    <ClCompile Include="SDK\Streaming\StreamingManager.cpp">
      <Filter>SDK\Streaming</Filter>
    </ClCompile>
  </ItemGroup>
  <ItemGroup>
    <Filter Include="Dependencies">
      <UniqueIdentifier>{c37acae3-b837-46ef-a4cd-17c8efc7734e}</UniqueIdentifier>
    </Filter>
    <Filter Include="Dependencies\Vanilla">
      <UniqueIdentifier>{9a6604db-dcd6-4741-bccf-39ae21a40bb6}</UniqueIdentifier>
    </Filter>
    <Filter Include="Dependencies\Vanilla\CLR">
      <UniqueIdentifier>{79d96029-206d-4405-9c18-a94e8ffcd9af}</UniqueIdentifier>
    </Filter>
    <Filter Include="Dependencies\hde32">
      <UniqueIdentifier>{14bed01e-d9ad-4bc4-9500-4ce2bd45a06d}</UniqueIdentifier>
    </Filter>
    <Filter Include="Utilities">
      <UniqueIdentifier>{4c5ecb0e-b819-41d2-b563-5f40517055b2}</UniqueIdentifier>
    </Filter>
    <Filter Include="Utilities\Security">
      <UniqueIdentifier>{8e6a82d2-ea44-4599-9fad-f53e9d38bdeb}</UniqueIdentifier>
    </Filter>
    <Filter Include="Storage">
      <UniqueIdentifier>{ef8d02bd-0052-4150-ab72-dbdb17c70b2e}</UniqueIdentifier>
    </Filter>
    <Filter Include="Config">
      <UniqueIdentifier>{df2c99f1-8270-4872-99cc-ef56cf5b51b6}</UniqueIdentifier>
    </Filter>
    <Filter Include="Dependencies\DirectX">
      <UniqueIdentifier>{658e2366-ac79-4d15-8be2-b62fde9baaee}</UniqueIdentifier>
    </Filter>
    <Filter Include="Dependencies\gl3w">
      <UniqueIdentifier>{a811e2e9-d05a-4c17-ad75-cd7a6e8f9aa9}</UniqueIdentifier>
    </Filter>
    <Filter Include="Dependencies\gl3w\GL">
      <UniqueIdentifier>{b7b372d1-bec2-4969-8c99-7afbd34e8eb5}</UniqueIdentifier>
    </Filter>
    <Filter Include="Dependencies\stb">
      <UniqueIdentifier>{54a0afc8-752c-40c5-a5f8-f5d49e998ca4}</UniqueIdentifier>
    </Filter>
    <Filter Include="Dependencies\ThemidaSDK">
      <UniqueIdentifier>{2e79abe0-0d26-44db-b65a-dbd07bb5f865}</UniqueIdentifier>
    </Filter>
    <Filter Include="Dependencies\ImGui">
      <UniqueIdentifier>{cc58e71f-ad4b-410c-9a96-24649b3daba6}</UniqueIdentifier>
    </Filter>
    <Filter Include="Logging">
      <UniqueIdentifier>{ea2f306d-e77e-42bf-a475-59d4a48cac17}</UniqueIdentifier>
    </Filter>
    <Filter Include="Dependencies\Vanilla\Hooking">
      <UniqueIdentifier>{b46a4401-e3a0-410b-9b00-fd67a3d47b03}</UniqueIdentifier>
    </Filter>
    <Filter Include="Dependencies\Vanilla\PatternScanning">
      <UniqueIdentifier>{6195c220-bffb-4244-abb6-d942d354e5d8}</UniqueIdentifier>
    </Filter>
    <Filter Include="SDK">
      <UniqueIdentifier>{40c1d2da-82bc-400d-b49b-b09c066bb90c}</UniqueIdentifier>
    </Filter>
    <Filter Include="SDK\Audio">
      <UniqueIdentifier>{31a11ccc-757a-4e76-9397-eb03b1e31927}</UniqueIdentifier>
    </Filter>
    <Filter Include="SDK\Input">
      <UniqueIdentifier>{a4a0fe1f-94fe-40a0-84ee-11d50c3ef607}</UniqueIdentifier>
    </Filter>
    <Filter Include="SDK\Player">
      <UniqueIdentifier>{08194787-c6aa-4b16-aab2-9155e6f542e6}</UniqueIdentifier>
    </Filter>
    <Filter Include="Dependencies\OsuDataTypes">
      <UniqueIdentifier>{3c3f4151-033a-4cc9-9275-191b53e3167e}</UniqueIdentifier>
    </Filter>
    <Filter Include="Dependencies\OsuDataTypes\Math">
      <UniqueIdentifier>{9766575e-5b4f-4085-9c1b-e3e1b50fd307}</UniqueIdentifier>
    </Filter>
    <Filter Include="Dependencies\OsuDataTypes\Osu">
      <UniqueIdentifier>{3aba6526-8d66-4956-8fe6-732766db1014}</UniqueIdentifier>
    </Filter>
    <Filter Include="Dependencies\OsuDataTypes\Osu\Keys">
      <UniqueIdentifier>{3b0027da-a72e-4335-b248-9377bd42edce}</UniqueIdentifier>
    </Filter>
    <Filter Include="Dependencies\OsuDataTypes\Osu\HitObjects">
      <UniqueIdentifier>{94ce3362-5dd6-4227-9fc1-e23545f7a1c8}</UniqueIdentifier>
    </Filter>
    <Filter Include="SDK\Mods">
      <UniqueIdentifier>{40587e60-4381-4f4b-9db0-76d3fac6d75d}</UniqueIdentifier>
    </Filter>
    <Filter Include="Dependencies\Vanilla\Utilities">
      <UniqueIdentifier>{592c8254-572e-4179-9e5e-137d3b2b5590}</UniqueIdentifier>
    </Filter>
    <Filter Include="SDK\Discord">
      <UniqueIdentifier>{3729635c-acf2-422f-89ab-2fb4a28ca3bb}</UniqueIdentifier>
    </Filter>
    <Filter Include="SDK\GL">
      <UniqueIdentifier>{897a65ec-b044-471f-a8d7-26d535146ab1}</UniqueIdentifier>
    </Filter>
    <Filter Include="UI">
      <UniqueIdentifier>{228bb435-9fd5-4532-8552-e5fa97f9e2b0}</UniqueIdentifier>
    </Filter>
    <Filter Include="UI\Assets">
      <UniqueIdentifier>{aca5c43d-afad-4aa2-8d2d-8eaabbcb4cc5}</UniqueIdentifier>
    </Filter>
    <Filter Include="UI\Widgets">
      <UniqueIdentifier>{4985e603-37d3-4e78-89ad-03578aec1d2a}</UniqueIdentifier>
    </Filter>
    <Filter Include="UI\Windows">
      <UniqueIdentifier>{9613c53b-3c16-416d-9e74-74dec0b2a715}</UniqueIdentifier>
    </Filter>
    <Filter Include="UI\Widgets\3rd-party">
      <UniqueIdentifier>{23e9a966-8d50-4737-8ae7-50043070b2f1}</UniqueIdentifier>
    </Filter>
    <Filter Include="UI\Widgets\3rd-party\FileDIalog">
      <UniqueIdentifier>{ff98ac47-2f48-45bc-9453-9805a4b867e8}</UniqueIdentifier>
    </Filter>
    <Filter Include="Utilities\Textures">
      <UniqueIdentifier>{eb41a234-8a2d-4426-917d-33037872a9cb}</UniqueIdentifier>
    </Filter>
    <Filter Include="Utilities\Strings">
      <UniqueIdentifier>{495847a0-b98a-409b-881d-c47a9910fd0f}</UniqueIdentifier>
    </Filter>
    <Filter Include="Dependencies\curl">
      <UniqueIdentifier>{9e2fc176-7410-4421-8d13-3cb12272b90d}</UniqueIdentifier>
    </Filter>
    <Filter Include="Features">
      <UniqueIdentifier>{1d37939b-4770-4e26-924f-230f5f799d18}</UniqueIdentifier>
    </Filter>
    <Filter Include="Features\Timewarp">
      <UniqueIdentifier>{fdeab30f-083a-4ca7-a759-4238163da300}</UniqueIdentifier>
    </Filter>
    <Filter Include="Dependencies\Vanilla\Patching">
      <UniqueIdentifier>{8450b13e-369d-4aae-8713-5fbc18b62131}</UniqueIdentifier>
    </Filter>
    <Filter Include="SDK\Osu">
      <UniqueIdentifier>{b0e6b6f6-7f0e-4368-b714-4a1f3544f8ce}</UniqueIdentifier>
    </Filter>
    <Filter Include="SDK\Scoring">
      <UniqueIdentifier>{cb1ea972-9def-4fdd-a3f1-61545be7c4c1}</UniqueIdentifier>
    </Filter>
    <Filter Include="SDK\Helpers">
      <UniqueIdentifier>{2db91a0c-1647-49b4-be5e-c21e18d3888d}</UniqueIdentifier>
    </Filter>
    <Filter Include="UI\Visualisations">
      <UniqueIdentifier>{0352738c-3c21-400c-8747-c9fa653e9b3b}</UniqueIdentifier>
    </Filter>
    <Filter Include="UI\Visualisations\SnowVisualisation">
      <UniqueIdentifier>{28f115fb-d31a-4761-987e-be2cc52a44e0}</UniqueIdentifier>
    </Filter>
    <Filter Include="SDK\Streaming">
      <UniqueIdentifier>{184a478e-da5a-4b7e-949a-a3bd886afa01}</UniqueIdentifier>
    </Filter>
  </ItemGroup>
  <ItemGroup>
    <ClInclude Include="Dependencies\Vanilla\Vanilla.h">
      <Filter>Dependencies\Vanilla</Filter>
    </ClInclude>
    <ClInclude Include="Dependencies\Vanilla\VanillaResult.h">
      <Filter>Dependencies\Vanilla</Filter>
    </ClInclude>
    <ClInclude Include="Dependencies\Vanilla\CLR\CLRString.h">
      <Filter>Dependencies\Vanilla\CLR</Filter>
    </ClInclude>
    <ClInclude Include="Dependencies\hde32\hde32.h">
      <Filter>Dependencies\hde32</Filter>
    </ClInclude>
    <ClInclude Include="Dependencies\hde32\pstdint.h">
      <Filter>Dependencies\hde32</Filter>
    </ClInclude>
    <ClInclude Include="Dependencies\hde32\table32.h">
      <Filter>Dependencies\hde32</Filter>
    </ClInclude>
    <ClInclude Include="Utilities\Security\Security.h">
      <Filter>Utilities\Security</Filter>
    </ClInclude>
    <ClInclude Include="Utilities\Security\xorstr.hpp">
      <Filter>Utilities\Security</Filter>
    </ClInclude>
    <ClInclude Include="Storage\Storage.h">
      <Filter>Storage</Filter>
    </ClInclude>
    <ClInclude Include="Storage\StorageConfig.h">
      <Filter>Storage</Filter>
    </ClInclude>
    <ClInclude Include="Config\Config.h">
      <Filter>Config</Filter>
    </ClInclude>
    <ClInclude Include="Dependencies\stb\stb.h">
      <Filter>Dependencies\stb</Filter>
    </ClInclude>
    <ClInclude Include="Dependencies\stb\stb_image.h">
      <Filter>Dependencies\stb</Filter>
    </ClInclude>
    <ClInclude Include="Dependencies\gl3w\GL\gl3w.h">
      <Filter>Dependencies\gl3w\GL</Filter>
    </ClInclude>
    <ClInclude Include="Dependencies\gl3w\GL\glcorearb.h">
      <Filter>Dependencies\gl3w\GL</Filter>
    </ClInclude>
    <ClInclude Include="Dependencies\DirectX\d3dx9core.h">
      <Filter>Dependencies\DirectX</Filter>
    </ClInclude>
    <ClInclude Include="Dependencies\DirectX\d3dx9effect.h">
      <Filter>Dependencies\DirectX</Filter>
    </ClInclude>
    <ClInclude Include="Dependencies\DirectX\d3dx9math.h">
      <Filter>Dependencies\DirectX</Filter>
    </ClInclude>
    <ClInclude Include="Dependencies\DirectX\d3dx9mesh.h">
      <Filter>Dependencies\DirectX</Filter>
    </ClInclude>
    <ClInclude Include="Dependencies\DirectX\d3dx9shader.h">
      <Filter>Dependencies\DirectX</Filter>
    </ClInclude>
    <ClInclude Include="Dependencies\DirectX\d3dx9shape.h">
      <Filter>Dependencies\DirectX</Filter>
    </ClInclude>
    <ClInclude Include="Dependencies\DirectX\d3dx9tex.h">
      <Filter>Dependencies\DirectX</Filter>
    </ClInclude>
    <ClInclude Include="Dependencies\DirectX\d3dx9xof.h">
      <Filter>Dependencies\DirectX</Filter>
    </ClInclude>
    <ClInclude Include="Dependencies\DirectX\d3dx9.h">
      <Filter>Dependencies\DirectX</Filter>
    </ClInclude>
    <ClInclude Include="Dependencies\DirectX\d3dx9anim.h">
      <Filter>Dependencies\DirectX</Filter>
    </ClInclude>
    <ClInclude Include="Dependencies\ThemidaSDK\SecureEngineCustomVMs_BorlandC_inline.h">
      <Filter>Dependencies\ThemidaSDK</Filter>
    </ClInclude>
    <ClInclude Include="Dependencies\ThemidaSDK\SecureEngineCustomVMs_GNU_inline.h">
      <Filter>Dependencies\ThemidaSDK</Filter>
    </ClInclude>
    <ClInclude Include="Dependencies\ThemidaSDK\SecureEngineCustomVMs_ICL_inline.h">
      <Filter>Dependencies\ThemidaSDK</Filter>
    </ClInclude>
    <ClInclude Include="Dependencies\ThemidaSDK\SecureEngineCustomVMs_LCC_inline.h">
      <Filter>Dependencies\ThemidaSDK</Filter>
    </ClInclude>
    <ClInclude Include="Dependencies\ThemidaSDK\SecureEngineCustomVMs_VC_inline.h">
      <Filter>Dependencies\ThemidaSDK</Filter>
    </ClInclude>
    <ClInclude Include="Dependencies\ThemidaSDK\ThemidaSDK.h">
      <Filter>Dependencies\ThemidaSDK</Filter>
    </ClInclude>
    <ClInclude Include="Dependencies\ThemidaSDK\SecureEngineCustomVMs.h">
      <Filter>Dependencies\ThemidaSDK</Filter>
    </ClInclude>
    <ClInclude Include="Dependencies\ImGui\imconfig.h">
      <Filter>Dependencies\ImGui</Filter>
    </ClInclude>
    <ClInclude Include="Dependencies\ImGui\imgui.h">
      <Filter>Dependencies\ImGui</Filter>
    </ClInclude>
    <ClInclude Include="Dependencies\ImGui\imgui_impl_dx9.h">
      <Filter>Dependencies\ImGui</Filter>
    </ClInclude>
    <ClInclude Include="Dependencies\ImGui\imgui_impl_opengl3.h">
      <Filter>Dependencies\ImGui</Filter>
    </ClInclude>
    <ClInclude Include="Dependencies\ImGui\imgui_impl_win32.h">
      <Filter>Dependencies\ImGui</Filter>
    </ClInclude>
    <ClInclude Include="Dependencies\ImGui\imgui_internal.h">
      <Filter>Dependencies\ImGui</Filter>
    </ClInclude>
    <ClInclude Include="Dependencies\ImGui\imstb_rectpack.h">
      <Filter>Dependencies\ImGui</Filter>
    </ClInclude>
    <ClInclude Include="Dependencies\ImGui\imstb_textedit.h">
      <Filter>Dependencies\ImGui</Filter>
    </ClInclude>
    <ClInclude Include="Dependencies\ImGui\imstb_truetype.h">
      <Filter>Dependencies\ImGui</Filter>
    </ClInclude>
    <ClInclude Include="Logging\Logger.h">
      <Filter>Logging</Filter>
    </ClInclude>
    <ClInclude Include="Logging\LogSeverity.h">
      <Filter>Logging</Filter>
    </ClInclude>
    <ClInclude Include="Dependencies\Vanilla\Hooking\VanillaHook.h">
      <Filter>Dependencies\Vanilla\Hooking</Filter>
    </ClInclude>
    <ClInclude Include="Dependencies\Vanilla\Hooking\VanillaHookType.h">
      <Filter>Dependencies\Vanilla\Hooking</Filter>
    </ClInclude>
    <ClInclude Include="Dependencies\Vanilla\Hooking\VanillaHooking.h">
      <Filter>Dependencies\Vanilla\Hooking</Filter>
    </ClInclude>
    <ClInclude Include="Dependencies\Vanilla\PatternScanning\VanillaPatternScanner.h">
      <Filter>Dependencies\Vanilla\PatternScanning</Filter>
    </ClInclude>
    <ClInclude Include="SDK\Memory.h">
      <Filter>SDK</Filter>
    </ClInclude>
    <ClInclude Include="SDK\Audio\AudioEngine.h">
      <Filter>SDK\Audio</Filter>
    </ClInclude>
    <ClInclude Include="SDK\Input\InputManager.h">
      <Filter>SDK\Input</Filter>
    </ClInclude>
    <ClInclude Include="SDK\Player\Player.h">
      <Filter>SDK\Player</Filter>
    </ClInclude>
    <ClInclude Include="Dependencies\OsuDataTypes\Osu\Mods.h">
      <Filter>Dependencies\OsuDataTypes\Osu</Filter>
    </ClInclude>
    <ClInclude Include="Dependencies\OsuDataTypes\Osu\PlayModes.h">
      <Filter>Dependencies\OsuDataTypes\Osu</Filter>
    </ClInclude>
    <ClInclude Include="Dependencies\OsuDataTypes\Math\Vector2.h">
      <Filter>Dependencies\OsuDataTypes\Math</Filter>
    </ClInclude>
    <ClInclude Include="Dependencies\OsuDataTypes\Osu\Keys\CatchTheBeatKeys.h">
      <Filter>Dependencies\OsuDataTypes\Osu\Keys</Filter>
    </ClInclude>
    <ClInclude Include="Dependencies\OsuDataTypes\Osu\Keys\OsuKeys.h">
      <Filter>Dependencies\OsuDataTypes\Osu\Keys</Filter>
    </ClInclude>
    <ClInclude Include="Dependencies\OsuDataTypes\Osu\Keys\OsuManiaKeys.h">
      <Filter>Dependencies\OsuDataTypes\Osu\Keys</Filter>
    </ClInclude>
    <ClInclude Include="Dependencies\OsuDataTypes\Osu\Keys\TaikoKeys.h">
      <Filter>Dependencies\OsuDataTypes\Osu\Keys</Filter>
    </ClInclude>
    <ClInclude Include="Dependencies\OsuDataTypes\Osu\HitObjects\HitObjectType.h">
      <Filter>Dependencies\OsuDataTypes\Osu\HitObjects</Filter>
    </ClInclude>
    <ClInclude Include="SDK\Mods\ModManager.h">
      <Filter>SDK\Mods</Filter>
    </ClInclude>
    <ClInclude Include="Dependencies\Vanilla\Utilities\MemoryUtilities.h">
      <Filter>Dependencies\Vanilla\Utilities</Filter>
    </ClInclude>
    <ClInclude Include="SDK\Discord\DiscordRPC.h">
      <Filter>SDK\Discord</Filter>
    </ClInclude>
    <ClInclude Include="SDK\GL\GLControl.h">
      <Filter>SDK\GL</Filter>
    </ClInclude>
    <ClInclude Include="UI\UI.h">
      <Filter>UI</Filter>
    </ClInclude>
    <ClInclude Include="UI\Renderer.h">
      <Filter>UI</Filter>
    </ClInclude>
    <ClInclude Include="UI\Windows\MainMenu.h">
      <Filter>UI\Windows</Filter>
    </ClInclude>
    <ClInclude Include="UI\Widgets\Widgets.h">
      <Filter>UI\Widgets</Filter>
    </ClInclude>
    <ClInclude Include="UI\StyleProvider.h">
      <Filter>UI</Filter>
    </ClInclude>
    <ClInclude Include="UI\Assets\Textures.h">
      <Filter>UI\Assets</Filter>
    </ClInclude>
    <ClInclude Include="UI\Assets\Fonts.h">
      <Filter>UI\Assets</Filter>
    </ClInclude>
    <ClInclude Include="UI\Widgets\3rd-party\FileDialog\imfilebrowser.h">
      <Filter>UI\Widgets\3rd-party\FileDIalog</Filter>
    </ClInclude>
    <ClInclude Include="Utilities\Textures\TextureLoader.h">
      <Filter>Utilities\Textures</Filter>
    </ClInclude>
    <ClInclude Include="Utilities\Strings\StringUtilities.h">
      <Filter>Utilities\Strings</Filter>
    </ClInclude>
    <ClInclude Include="Dependencies\curl\curl.h">
      <Filter>Dependencies\curl</Filter>
    </ClInclude>
    <ClInclude Include="Dependencies\curl\curlver.h">
      <Filter>Dependencies\curl</Filter>
    </ClInclude>
    <ClInclude Include="Dependencies\curl\easy.h">
      <Filter>Dependencies\curl</Filter>
    </ClInclude>
    <ClInclude Include="Dependencies\curl\mprintf.h">
      <Filter>Dependencies\curl</Filter>
    </ClInclude>
    <ClInclude Include="Dependencies\curl\multi.h">
      <Filter>Dependencies\curl</Filter>
    </ClInclude>
    <ClInclude Include="Dependencies\curl\options.h">
      <Filter>Dependencies\curl</Filter>
    </ClInclude>
    <ClInclude Include="Dependencies\curl\stdcheaders.h">
      <Filter>Dependencies\curl</Filter>
    </ClInclude>
    <ClInclude Include="Dependencies\curl\system.h">
      <Filter>Dependencies\curl</Filter>
    </ClInclude>
    <ClInclude Include="Dependencies\curl\typecheck-gcc.h">
      <Filter>Dependencies\curl</Filter>
    </ClInclude>
    <ClInclude Include="Dependencies\curl\urlapi.h">
      <Filter>Dependencies\curl</Filter>
    </ClInclude>
    <ClInclude Include="Features\Timewarp\Timewarp.h">
      <Filter>Features\Timewarp</Filter>
    </ClInclude>
    <ClInclude Include="Dependencies\Vanilla\Patching\VanillaPatcher.h">
      <Filter>Dependencies\Vanilla\Patching</Filter>
    </ClInclude>
    <ClInclude Include="Dependencies\Vanilla\Patching\VanillaPatch.h">
      <Filter>Dependencies\Vanilla\Patching</Filter>
    </ClInclude>
    <ClInclude Include="SDK\Osu\GameBase.h">
      <Filter>SDK\Osu</Filter>
    </ClInclude>
    <ClInclude Include="Dependencies\OsuDataTypes\Osu\OsuModes.h">
      <Filter>Dependencies\OsuDataTypes\Osu</Filter>
    </ClInclude>
    <ClInclude Include="SDK\Player\Ruleset.h">
      <Filter>SDK\Player</Filter>
    </ClInclude>
    <ClInclude Include="SDK\Scoring\Score.h">
      <Filter>SDK\Scoring</Filter>
    </ClInclude>
    <ClInclude Include="SDK\Helpers\ErrorSubmission.h">
      <Filter>SDK\Helpers</Filter>
    </ClInclude>
    <ClInclude Include="SDK\Helpers\pWebRequest.h">
      <Filter>SDK\Helpers</Filter>
    </ClInclude>
    <ClInclude Include="UI\Visualisations\SnowVisualisation\SnowVisualisation.h">
      <Filter>UI\Visualisations\SnowVisualisation</Filter>
    </ClInclude>
    <ClInclude Include="UI\Visualisations\SnowVisualisation\Snowflake.h">
      <Filter>UI\Visualisations\SnowVisualisation</Filter>
    </ClInclude>
    <ClInclude Include="UI\Windows\ScoreSubmissionDialog.h">
      <Filter>UI\Windows</Filter>
    </ClInclude>
    <ClInclude Include="SDK\Streaming\StreamingManager.h">
      <Filter>SDK\Streaming</Filter>
    </ClInclude>
  </ItemGroup>
  <ItemGroup>
    <None Include="Dependencies\DirectX\d3dx9math.inl">
      <Filter>Dependencies\DirectX</Filter>
    </None>
  </ItemGroup>
</Project>