<?xml version="1.0" encoding="utf-8"?>
<Project ToolsVersion="4.0" xmlns="http://schemas.microsoft.com/developer/msbuild/2003">
  <ItemGroup>
    <ClCompile Include="dllmain.cpp" />
    <ClCompile Include="Dependencies\Vanilla\Hooking\HookManager.cpp">
      <Filter>Dependencies\Vanilla\Hooking</Filter>
    </ClCompile>
    <ClCompile Include="Dependencies\hde\hde32.c">
      <Filter>Dependencies\hde</Filter>
    </ClCompile>
    <ClCompile Include="Dependencies\hde\hde64.c">
      <Filter>Dependencies\hde</Filter>
    </ClCompile>
    <ClCompile Include="Dependencies\Vanilla\PatternScanning\PatternScanner.cpp">
      <Filter>Dependencies\Vanilla\PatternScanning</Filter>
    </ClCompile>
    <ClCompile Include="Dependencies\Vanilla\Vanilla.cpp">
      <Filter>Dependencies\Vanilla</Filter>
    </ClCompile>
    <ClCompile Include="MapleBase.cpp" />
    <ClCompile Include="SDK\Osu\GameField.cpp">
      <Filter>SDK\Osu</Filter>
    </ClCompile>
    <ClCompile Include="Sdk\Audio\AudioEngine.cpp">
      <Filter>SDK\Audio</Filter>
    </ClCompile>
    <ClCompile Include="Sdk\Scoring\Score.cpp">
      <Filter>SDK\Scoring</Filter>
    </ClCompile>
    <ClCompile Include="Sdk\Mods\ModManager.cpp">
      <Filter>SDK\Mods</Filter>
    </ClCompile>
    <ClCompile Include="Logging\Logger.cpp">
      <Filter>Logging</Filter>
    </ClCompile>
    <ClCompile Include="Storage\Storage.cpp">
      <Filter>Storage</Filter>
    </ClCompile>
    <ClCompile Include="Sdk\Osu\GameBase.cpp">
      <Filter>SDK\Osu</Filter>
    </ClCompile>
    <ClCompile Include="Sdk\GameModes\Play\Player.cpp">
      <Filter>SDK\GameModes\Play</Filter>
    </ClCompile>
  </ItemGroup>
  <ItemGroup>
    <Filter Include="Modules">
      <UniqueIdentifier>{1daf4303-b403-4bb8-b408-4fdc95849650}</UniqueIdentifier>
    </Filter>
    <Filter Include="Dependencies">
      <UniqueIdentifier>{589fc566-6ef4-4b2c-a0cc-8fd445270f52}</UniqueIdentifier>
    </Filter>
    <Filter Include="Dependencies\Cacao">
      <UniqueIdentifier>{c19fe899-0ff0-4c8b-9347-c44eed39e7ff}</UniqueIdentifier>
    </Filter>
    <Filter Include="SDK">
      <UniqueIdentifier>{c10cdb8e-c87f-434f-a4eb-c0b892f52ad6}</UniqueIdentifier>
    </Filter>
    <Filter Include="Dependencies\Vanilla">
      <UniqueIdentifier>{b420a0e1-491a-4697-a0a4-2d3f4632ab97}</UniqueIdentifier>
    </Filter>
    <Filter Include="Dependencies\Vanilla\CLR">
      <UniqueIdentifier>{e3ecc968-6e90-48ec-bd45-ed43458fd6a1}</UniqueIdentifier>
    </Filter>
    <Filter Include="Dependencies\Vanilla\PatternScanning">
      <UniqueIdentifier>{bdd55e9a-3bd0-489f-a79a-0b7b1c6e24d4}</UniqueIdentifier>
    </Filter>
    <Filter Include="Dependencies\Vanilla\Hooking">
      <UniqueIdentifier>{86ca76fb-3495-4c06-95b7-fe4e9b4890f6}</UniqueIdentifier>
    </Filter>
    <Filter Include="Dependencies\hde">
      <UniqueIdentifier>{d2713205-b4e8-4ab3-89ec-0a45043c7c58}</UniqueIdentifier>
    </Filter>
    <Filter Include="Dependencies\xorstr">
      <UniqueIdentifier>{9cd9c63e-f15e-44ef-b273-18961e5ec11d}</UniqueIdentifier>
    </Filter>
    <Filter Include="SDK\Osu">
      <UniqueIdentifier>{89fbbc05-711a-43b4-9c8d-ed0ef7320fab}</UniqueIdentifier>
    </Filter>
    <Filter Include="SDK\Audio">
      <UniqueIdentifier>{2d898900-6e1f-41ef-9155-eb0d5695b8b7}</UniqueIdentifier>
    </Filter>
    <Filter Include="SDK\Scoring">
      <UniqueIdentifier>{18619d7f-5333-4633-879d-bcb75a8df064}</UniqueIdentifier>
    </Filter>
    <Filter Include="SDK\Mods">
      <UniqueIdentifier>{4d05b8b9-9ffc-46a1-aaf4-49b80918a664}</UniqueIdentifier>
    </Filter>
    <Filter Include="Logging">
      <UniqueIdentifier>{348d4adb-b94f-4a97-a188-24cc4b35c245}</UniqueIdentifier>
    </Filter>
    <Filter Include="Storage">
      <UniqueIdentifier>{47d1af0f-de63-4c3a-8221-bc0fd972a92c}</UniqueIdentifier>
    </Filter>
    <Filter Include="Dependencies\Licorice">
      <UniqueIdentifier>{7715b9c6-723f-475e-a879-6720989dbc27}</UniqueIdentifier>
    </Filter>
    <Filter Include="Dependencies\Licorice\Numerics">
      <UniqueIdentifier>{8f3174a1-6a15-4e6f-a45d-5644d48e4d95}</UniqueIdentifier>
    </Filter>
    <Filter Include="Dependencies\OsuDataTypes">
      <UniqueIdentifier>{36fffe47-ec60-4f61-a3f4-d83dd2dde2dc}</UniqueIdentifier>
    </Filter>
    <Filter Include="Dependencies\OsuDataTypes\Gameplay">
      <UniqueIdentifier>{f53eda81-907d-47da-9fa7-c233d6f53c16}</UniqueIdentifier>
    </Filter>
    <Filter Include="Dependencies\OsuDataTypes\Gameplay\Keys">
      <UniqueIdentifier>{e0fabcc0-66ad-46bc-9e32-a2e2429c68e3}</UniqueIdentifier>
    </Filter>
    <Filter Include="SDK\GameModes">
      <UniqueIdentifier>{0cbc60fe-c3af-4c19-b90c-e5a91d5f1a60}</UniqueIdentifier>
    </Filter>
    <Filter Include="SDK\GameModes\Play">
      <UniqueIdentifier>{a511e8a4-3466-4115-805c-e00baa692f2b}</UniqueIdentifier>
    </Filter>
  </ItemGroup>
  <ItemGroup>
    <ClInclude Include="Modules\IModule.h">
      <Filter>Modules</Filter>
    </ClInclude>
    <ClInclude Include="Dependencies\Cacao\DependencyContainer.h">
      <Filter>Dependencies\Cacao</Filter>
    </ClInclude>
    <ClInclude Include="SDK\ISDK.h">
      <Filter>SDK</Filter>
    </ClInclude>
    <ClInclude Include="Dependencies\Vanilla\CLR\CLRString.h">
      <Filter>Dependencies\Vanilla\CLR</Filter>
    </ClInclude>
    <ClInclude Include="Dependencies\Vanilla\Hooking\Hook.h">
      <Filter>Dependencies\Vanilla\Hooking</Filter>
    </ClInclude>
    <ClInclude Include="Dependencies\Vanilla\Hooking\HookManager.h">
      <Filter>Dependencies\Vanilla\Hooking</Filter>
    </ClInclude>
    <ClInclude Include="Dependencies\hde\table64.h">
      <Filter>Dependencies\hde</Filter>
    </ClInclude>
    <ClInclude Include="Dependencies\hde\hde32.h">
      <Filter>Dependencies\hde</Filter>
    </ClInclude>
    <ClInclude Include="Dependencies\hde\hde64.h">
      <Filter>Dependencies\hde</Filter>
    </ClInclude>
    <ClInclude Include="Dependencies\hde\pstdint.h">
      <Filter>Dependencies\hde</Filter>
    </ClInclude>
    <ClInclude Include="Dependencies\hde\table32.h">
      <Filter>Dependencies\hde</Filter>
    </ClInclude>
    <ClInclude Include="Dependencies\Vanilla\PatternScanning\PatternScanner.h">
      <Filter>Dependencies\Vanilla\PatternScanning</Filter>
    </ClInclude>
    <ClInclude Include="Dependencies\Vanilla\VanillaResult.h">
      <Filter>Dependencies\Vanilla</Filter>
    </ClInclude>
    <ClInclude Include="Dependencies\Vanilla\Vanilla.h">
      <Filter>Dependencies\Vanilla</Filter>
    </ClInclude>
    <ClInclude Include="Dependencies\xorstr\xorstr.h">
      <Filter>Dependencies\xorstr</Filter>
    </ClInclude>
    <ClInclude Include="MapleBase.h" />
    <ClInclude Include="SDK\Osu\GameField.h">
      <Filter>SDK\Osu</Filter>
    </ClInclude>
    <ClInclude Include="SDK\Osu\GameFieldInternal.h">
      <Filter>SDK\Osu</Filter>
    </ClInclude>
    <ClInclude Include="INameable.h" />
    <ClInclude Include="IMapleComponent.h" />
    <ClInclude Include="Sdk\Audio\AudioEngine.h">
      <Filter>SDK\Audio</Filter>
    </ClInclude>
    <ClInclude Include="Sdk\Scoring\Score.h">
      <Filter>SDK\Scoring</Filter>
    </ClInclude>
    <ClInclude Include="Sdk\Scoring\ScoreInternal.h">
      <Filter>SDK\Scoring</Filter>
    </ClInclude>
    <ClInclude Include="Sdk\Mods\ModManager.h">
      <Filter>SDK\Mods</Filter>
    </ClInclude>
    <ClInclude Include="Logging\Logger.h">
      <Filter>Logging</Filter>
    </ClInclude>
    <ClInclude Include="Logging\LogLevel.h">
      <Filter>Logging</Filter>
    </ClInclude>
    <ClInclude Include="Logging\LoggerInfo.h">
      <Filter>Logging</Filter>
    </ClInclude>
    <ClInclude Include="Storage\Storage.h">
      <Filter>Storage</Filter>
    </ClInclude>
    <ClInclude Include="Sdk\Osu\GameBase.h">
      <Filter>SDK\Osu</Filter>
    </ClInclude>
    <ClInclude Include="Dependencies\Licorice\Numerics\RectangleF.h">
      <Filter>Dependencies\Licorice\Numerics</Filter>
    </ClInclude>
    <ClInclude Include="Dependencies\Licorice\Numerics\RectangleI.h">
      <Filter>Dependencies\Licorice\Numerics</Filter>
    </ClInclude>
    <ClInclude Include="Dependencies\Licorice\Numerics\Vector2.h">
      <Filter>Dependencies\Licorice\Numerics</Filter>
    </ClInclude>
    <ClInclude Include="Dependencies\OsuDataTypes\OsuModes.h">
      <Filter>Dependencies\OsuDataTypes</Filter>
    </ClInclude>
    <ClInclude Include="Dependencies\OsuDataTypes\Mods.h">
      <Filter>Dependencies\OsuDataTypes</Filter>
    </ClInclude>
    <ClInclude Include="Dependencies\OsuDataTypes\PlayModes.h">
      <Filter>Dependencies\OsuDataTypes</Filter>
    </ClInclude>
    <ClInclude Include="Dependencies\OsuDataTypes\Gameplay\Keys\OsuManiaKeys.h">
      <Filter>Dependencies\OsuDataTypes\Gameplay\Keys</Filter>
    </ClInclude>
    <ClInclude Include="Dependencies\OsuDataTypes\Gameplay\Keys\TaikoKeys.h">
      <Filter>Dependencies\OsuDataTypes\Gameplay\Keys</Filter>
    </ClInclude>
    <ClInclude Include="Dependencies\OsuDataTypes\Gameplay\Keys\CatchTheBeatKeys.h">
      <Filter>Dependencies\OsuDataTypes\Gameplay\Keys</Filter>
    </ClInclude>
    <ClInclude Include="Dependencies\OsuDataTypes\Gameplay\Keys\OsuKeys.h">
      <Filter>Dependencies\OsuDataTypes\Gameplay\Keys</Filter>
    </ClInclude>
    <ClInclude Include="Dependencies\Vanilla\CLR\CLRArray.h" />
    <ClInclude Include="Dependencies\Vanilla\CLR\CLRList.h" />
    <ClInclude Include="Dependencies\Vanilla\CLR\CLRNullable.h" />
    <ClInclude Include="Dependencies\Vanilla\CLR\CLRObject.h" />
    <ClInclude Include="Sdk\GameModes\GameModeInternal.h">
      <Filter>SDK\GameModes</Filter>
    </ClInclude>
    <ClInclude Include="Sdk\GameModes\Play\PlayerInternal.h">
      <Filter>SDK\GameModes\Play</Filter>
    </ClInclude>
    <ClInclude Include="Sdk\GameModes\Play\Player.h">
      <Filter>SDK\GameModes\Play</Filter>
    </ClInclude>
  </ItemGroup>
</Project>